
Microsoft Visual Studio Solution File, Format Version 12.00
# Visual Studio Version 17
VisualStudioVersion = 17.13.35913.81 d17.13
MinimumVisualStudioVersion = 10.0.40219.1
Project("{888888A0-9F3D-457C-B088-3A5042F75D52}") = "Even or Odd", "Even or Odd.pyproj", "{40F5E7E6-1F02-43C1-9601-664B22128FD7}"
EndProject
Global
	GlobalSection(SolutionConfigurationPlatforms) = preSolution
		Debug|Any CPU = Debug|Any CPU
		Release|Any CPU = Release|Any CPU
	EndGlobalSection
	GlobalSection(ProjectConfigurationPlatforms) = postSolution
		{40F5E7E6-1F02-43C1-9601-664B22128FD7}.Debug|Any CPU.ActiveCfg = Debug|Any CPU
		{40F5E7E6-1F02-43C1-9601-664B22128FD7}.Release|Any CPU.ActiveCfg = Release|Any CPU
	EndGlobalSection
	GlobalSection(SolutionProperties) = preSolution
		HideSolutionNode = FALSE
	EndGlobalSection
	GlobalSection(ExtensibilityGlobals) = postSolution
		SolutionGuid = {D8D34CD9-2086-41FD-8F1D-4072BDD3E5ED}
	EndGlobalSection
EndGlobal
